
Microsoft Visual Studio Solution File, Format Version 12.00
# Visual Studio Version 17
VisualStudioVersion = 17.10.35013.160
MinimumVisualStudioVersion = 10.0.40219.1
Project("{FAE04EC0-301F-11D3-BF4B-00C04F79EFBC}") = "BMI Calculator", "BMI Calculator.csproj", "{0419CF69-DA4D-4895-BD14-28DB069B7030}"
EndProject
Global
	GlobalSection(SolutionConfigurationPlatforms) = preSolution
		Debug|Any CPU = Debug|Any CPU
		Release|Any CPU = Release|Any CPU
	EndGlobalSection
	GlobalSection(ProjectConfigurationPlatforms) = postSolution
		{0419CF69-DA4D-4895-BD14-28DB069B7030}.Debug|Any CPU.ActiveCfg = Debug|Any CPU
		{0419CF69-DA4D-4895-BD14-28DB069B7030}.Debug|Any CPU.Build.0 = Debug|Any CPU
		{0419CF69-DA4D-4895-BD14-28DB069B7030}.Release|Any CPU.ActiveCfg = Release|Any CPU
		{0419CF69-DA4D-4895-BD14-28DB069B7030}.Release|Any CPU.Build.0 = Release|Any CPU
	EndGlobalSection
	GlobalSection(SolutionProperties) = preSolution
		HideSolutionNode = FALSE
	EndGlobalSection
	GlobalSection(ExtensibilityGlobals) = postSolution
		SolutionGuid = {5E588078-826D-4423-A25C-F0651AAE3DBA}
	EndGlobalSection
EndGlobal
